// !$*UTF8*$!
{
	archiveVersion = 1;
	classes = {
	};
	objectVersion = 48;
	objects = {

/* Begin PBXBuildFile section */
		C2C2B83B2119584000E43D25 /* PostTableViewCell.swift in Sources */ = {isa = PBXBuildFile; fileRef = C2C2B83A2119584000E43D25 /* PostTableViewCell.swift */; };
		C2E47EAC211967C300EF3CF2 /* 대화목록.storyboard in Resources */ = {isa = PBXBuildFile; fileRef = C2E47EAB211967C300EF3CF2 /* 대화목록.storyboard */; };
		C2E47EAE211967C700EF3CF2 /* 마이페이지.storyboard in Resources */ = {isa = PBXBuildFile; fileRef = C2E47EAD211967C700EF3CF2 /* 마이페이지.storyboard */; };
		C2E47EB0211967F500EF3CF2 /* MyPageTableViewController.swift in Sources */ = {isa = PBXBuildFile; fileRef = C2E47EAF211967F400EF3CF2 /* MyPageTableViewController.swift */; };
		C2E47EB2211967FE00EF3CF2 /* myPageViewController.swift in Sources */ = {isa = PBXBuildFile; fileRef = C2E47EB1211967FE00EF3CF2 /* myPageViewController.swift */; };
		C2E47EB42119680400EF3CF2 /* SettingTableViewController.swift in Sources */ = {isa = PBXBuildFile; fileRef = C2E47EB32119680300EF3CF2 /* SettingTableViewController.swift */; };
		C2E47EB82119845B00EF3CF2 /* CitySelectViewController.swift in Sources */ = {isa = PBXBuildFile; fileRef = C2E47EB72119845B00EF3CF2 /* CitySelectViewController.swift */; };
		C2FE35122114214100EFB3F8 /* AppDelegate.swift in Sources */ = {isa = PBXBuildFile; fileRef = C2FE35112114214100EFB3F8 /* AppDelegate.swift */; };
		C2FE35142114214100EFB3F8 /* ViewController.swift in Sources */ = {isa = PBXBuildFile; fileRef = C2FE35132114214100EFB3F8 /* ViewController.swift */; };
		C2FE35172114214100EFB3F8 /* Main.storyboard in Resources */ = {isa = PBXBuildFile; fileRef = C2FE35152114214100EFB3F8 /* Main.storyboard */; };
		C2FE35192114214100EFB3F8 /* Assets.xcassets in Resources */ = {isa = PBXBuildFile; fileRef = C2FE35182114214100EFB3F8 /* Assets.xcassets */; };
		C2FE351C2114214200EFB3F8 /* LaunchScreen.storyboard in Resources */ = {isa = PBXBuildFile; fileRef = C2FE351A2114214200EFB3F8 /* LaunchScreen.storyboard */; };
		C2FE35272114214200EFB3F8 /* DONGL_1Tests.swift in Sources */ = {isa = PBXBuildFile; fileRef = C2FE35262114214200EFB3F8 /* DONGL_1Tests.swift */; };
		C2FE35322114214200EFB3F8 /* DONGL_1UITests.swift in Sources */ = {isa = PBXBuildFile; fileRef = C2FE35312114214200EFB3F8 /* DONGL_1UITests.swift */; };
		C2FE3540211421EB00EFB3F8 /* SearchTableViewController.swift in Sources */ = {isa = PBXBuildFile; fileRef = C2FE353F211421EB00EFB3F8 /* SearchTableViewController.swift */; };
		C2FE3542211421FD00EFB3F8 /* TalkTableViewController.swift in Sources */ = {isa = PBXBuildFile; fileRef = C2FE3541211421FD00EFB3F8 /* TalkTableViewController.swift */; };
		C2FE35462114230100EFB3F8 /* TalkTableViewCell.swift in Sources */ = {isa = PBXBuildFile; fileRef = C2FE35452114230100EFB3F8 /* TalkTableViewCell.swift */; };
		C2FE35692114236300EFB3F8 /* FSCalendar+Deprecated.m in Sources */ = {isa = PBXBuildFile; fileRef = C2FE35482114236300EFB3F8 /* FSCalendar+Deprecated.m */; };
		C2FE356A2114236300EFB3F8 /* FSCalendar.m in Sources */ = {isa = PBXBuildFile; fileRef = C2FE354A2114236300EFB3F8 /* FSCalendar.m */; };
		C2FE356B2114236300EFB3F8 /* FSCalendarAppearance.m in Sources */ = {isa = PBXBuildFile; fileRef = C2FE354C2114236300EFB3F8 /* FSCalendarAppearance.m */; };
		C2FE356C2114236300EFB3F8 /* FSCalendarCalculator.m in Sources */ = {isa = PBXBuildFile; fileRef = C2FE354E2114236300EFB3F8 /* FSCalendarCalculator.m */; };
		C2FE356D2114236300EFB3F8 /* FSCalendarCell.m in Sources */ = {isa = PBXBuildFile; fileRef = C2FE35502114236300EFB3F8 /* FSCalendarCell.m */; };
		C2FE356E2114236300EFB3F8 /* FSCalendarCollectionView.m in Sources */ = {isa = PBXBuildFile; fileRef = C2FE35522114236300EFB3F8 /* FSCalendarCollectionView.m */; };
		C2FE356F2114236300EFB3F8 /* FSCalendarCollectionViewLayout.m in Sources */ = {isa = PBXBuildFile; fileRef = C2FE35542114236300EFB3F8 /* FSCalendarCollectionViewLayout.m */; };
		C2FE35702114236300EFB3F8 /* FSCalendarConstants.m in Sources */ = {isa = PBXBuildFile; fileRef = C2FE35562114236300EFB3F8 /* FSCalendarConstants.m */; };
		C2FE35712114236300EFB3F8 /* FSCalendarDelegationFactory.m in Sources */ = {isa = PBXBuildFile; fileRef = C2FE35582114236300EFB3F8 /* FSCalendarDelegationFactory.m */; };
		C2FE35722114236300EFB3F8 /* FSCalendarDelegationProxy.m in Sources */ = {isa = PBXBuildFile; fileRef = C2FE355A2114236300EFB3F8 /* FSCalendarDelegationProxy.m */; };
		C2FE35732114236300EFB3F8 /* FSCalendarExtensions.m in Sources */ = {isa = PBXBuildFile; fileRef = C2FE355D2114236300EFB3F8 /* FSCalendarExtensions.m */; };
		C2FE35742114236300EFB3F8 /* FSCalendarHeaderView.m in Sources */ = {isa = PBXBuildFile; fileRef = C2FE355F2114236300EFB3F8 /* FSCalendarHeaderView.m */; };
		C2FE35752114236300EFB3F8 /* FSCalendarScopeHandle.m in Sources */ = {isa = PBXBuildFile; fileRef = C2FE35612114236300EFB3F8 /* FSCalendarScopeHandle.m */; };
		C2FE35762114236300EFB3F8 /* FSCalendarStickyHeader.m in Sources */ = {isa = PBXBuildFile; fileRef = C2FE35632114236300EFB3F8 /* FSCalendarStickyHeader.m */; };
		C2FE35772114236300EFB3F8 /* FSCalendarTransitionCoordinator.m in Sources */ = {isa = PBXBuildFile; fileRef = C2FE35652114236300EFB3F8 /* FSCalendarTransitionCoordinator.m */; };
		C2FE35782114236300EFB3F8 /* FSCalendarWeekdayView.m in Sources */ = {isa = PBXBuildFile; fileRef = C2FE35672114236300EFB3F8 /* FSCalendarWeekdayView.m */; };
		C2FE35792114236300EFB3F8 /* Info.plist in Resources */ = {isa = PBXBuildFile; fileRef = C2FE35682114236300EFB3F8 /* Info.plist */; };
		C2FE357B2114247800EFB3F8 /* UIViewControllerModal.swift in Sources */ = {isa = PBXBuildFile; fileRef = C2FE357A2114247800EFB3F8 /* UIViewControllerModal.swift */; };
		C2FE357D2114267200EFB3F8 /* CalendarViewController.swift in Sources */ = {isa = PBXBuildFile; fileRef = C2FE357C2114267200EFB3F8 /* CalendarViewController.swift */; };
		C2FE357F2114267A00EFB3F8 /* UploadViewController.swift in Sources */ = {isa = PBXBuildFile; fileRef = C2FE357E2114267A00EFB3F8 /* UploadViewController.swift */; };
/* End PBXBuildFile section */

/* Begin PBXContainerItemProxy section */
		C2FE35232114214200EFB3F8 /* PBXContainerItemProxy */ = {
			isa = PBXContainerItemProxy;
			containerPortal = C2FE35062114214100EFB3F8 /* Project object */;
			proxyType = 1;
			remoteGlobalIDString = C2FE350D2114214100EFB3F8;
			remoteInfo = DONGL_1;
		};
		C2FE352E2114214200EFB3F8 /* PBXContainerItemProxy */ = {
			isa = PBXContainerItemProxy;
			containerPortal = C2FE35062114214100EFB3F8 /* Project object */;
			proxyType = 1;
			remoteGlobalIDString = C2FE350D2114214100EFB3F8;
			remoteInfo = DONGL_1;
		};
/* End PBXContainerItemProxy section */

/* Begin PBXFileReference section */
		C2C2B83A2119584000E43D25 /* PostTableViewCell.swift */ = {isa = PBXFileReference; lastKnownFileType = sourcecode.swift; path = PostTableViewCell.swift; sourceTree = "<group>"; };
		C2E47EAB211967C300EF3CF2 /* 대화목록.storyboard */ = {isa = PBXFileReference; fileEncoding = 4; lastKnownFileType = file.storyboard; path = "대화목록.storyboard"; sourceTree = "<group>"; };
		C2E47EAD211967C700EF3CF2 /* 마이페이지.storyboard */ = {isa = PBXFileReference; fileEncoding = 4; lastKnownFileType = file.storyboard; path = "마이페이지.storyboard"; sourceTree = "<group>"; };
		C2E47EAF211967F400EF3CF2 /* MyPageTableViewController.swift */ = {isa = PBXFileReference; fileEncoding = 4; lastKnownFileType = sourcecode.swift; path = MyPageTableViewController.swift; sourceTree = "<group>"; };
		C2E47EB1211967FE00EF3CF2 /* myPageViewController.swift */ = {isa = PBXFileReference; fileEncoding = 4; lastKnownFileType = sourcecode.swift; path = myPageViewController.swift; sourceTree = "<group>"; };
		C2E47EB32119680300EF3CF2 /* SettingTableViewController.swift */ = {isa = PBXFileReference; fileEncoding = 4; lastKnownFileType = sourcecode.swift; path = SettingTableViewController.swift; sourceTree = "<group>"; };
		C2E47EB72119845B00EF3CF2 /* CitySelectViewController.swift */ = {isa = PBXFileReference; fileEncoding = 4; lastKnownFileType = sourcecode.swift; path = CitySelectViewController.swift; sourceTree = "<group>"; };
		C2FE350E2114214100EFB3F8 /* DONGL_1.app */ = {isa = PBXFileReference; explicitFileType = wrapper.application; includeInIndex = 0; path = DONGL_1.app; sourceTree = BUILT_PRODUCTS_DIR; };
		C2FE35112114214100EFB3F8 /* AppDelegate.swift */ = {isa = PBXFileReference; lastKnownFileType = sourcecode.swift; path = AppDelegate.swift; sourceTree = "<group>"; };
		C2FE35132114214100EFB3F8 /* ViewController.swift */ = {isa = PBXFileReference; lastKnownFileType = sourcecode.swift; path = ViewController.swift; sourceTree = "<group>"; };
		C2FE35162114214100EFB3F8 /* Base */ = {isa = PBXFileReference; lastKnownFileType = file.storyboard; name = Base; path = Base.lproj/Main.storyboard; sourceTree = "<group>"; };
		C2FE35182114214100EFB3F8 /* Assets.xcassets */ = {isa = PBXFileReference; lastKnownFileType = folder.assetcatalog; path = Assets.xcassets; sourceTree = "<group>"; };
		C2FE351B2114214200EFB3F8 /* Base */ = {isa = PBXFileReference; lastKnownFileType = file.storyboard; name = Base; path = Base.lproj/LaunchScreen.storyboard; sourceTree = "<group>"; };
		C2FE351D2114214200EFB3F8 /* Info.plist */ = {isa = PBXFileReference; lastKnownFileType = text.plist.xml; path = Info.plist; sourceTree = "<group>"; };
		C2FE35222114214200EFB3F8 /* DONGL_1Tests.xctest */ = {isa = PBXFileReference; explicitFileType = wrapper.cfbundle; includeInIndex = 0; path = DONGL_1Tests.xctest; sourceTree = BUILT_PRODUCTS_DIR; };
		C2FE35262114214200EFB3F8 /* DONGL_1Tests.swift */ = {isa = PBXFileReference; lastKnownFileType = sourcecode.swift; path = DONGL_1Tests.swift; sourceTree = "<group>"; };
		C2FE35282114214200EFB3F8 /* Info.plist */ = {isa = PBXFileReference; lastKnownFileType = text.plist.xml; path = Info.plist; sourceTree = "<group>"; };
		C2FE352D2114214200EFB3F8 /* DONGL_1UITests.xctest */ = {isa = PBXFileReference; explicitFileType = wrapper.cfbundle; includeInIndex = 0; path = DONGL_1UITests.xctest; sourceTree = BUILT_PRODUCTS_DIR; };
		C2FE35312114214200EFB3F8 /* DONGL_1UITests.swift */ = {isa = PBXFileReference; lastKnownFileType = sourcecode.swift; path = DONGL_1UITests.swift; sourceTree = "<group>"; };
		C2FE35332114214200EFB3F8 /* Info.plist */ = {isa = PBXFileReference; lastKnownFileType = text.plist.xml; path = Info.plist; sourceTree = "<group>"; };
		C2FE353F211421EB00EFB3F8 /* SearchTableViewController.swift */ = {isa = PBXFileReference; lastKnownFileType = sourcecode.swift; path = SearchTableViewController.swift; sourceTree = "<group>"; };
		C2FE3541211421FD00EFB3F8 /* TalkTableViewController.swift */ = {isa = PBXFileReference; lastKnownFileType = sourcecode.swift; path = TalkTableViewController.swift; sourceTree = "<group>"; };
		C2FE35452114230100EFB3F8 /* TalkTableViewCell.swift */ = {isa = PBXFileReference; lastKnownFileType = sourcecode.swift; path = TalkTableViewCell.swift; sourceTree = "<group>"; };
		C2FE35482114236300EFB3F8 /* FSCalendar+Deprecated.m */ = {isa = PBXFileReference; fileEncoding = 4; lastKnownFileType = sourcecode.c.objc; path = "FSCalendar+Deprecated.m"; sourceTree = "<group>"; };
		C2FE35492114236300EFB3F8 /* FSCalendar.h */ = {isa = PBXFileReference; fileEncoding = 4; lastKnownFileType = sourcecode.c.h; path = FSCalendar.h; sourceTree = "<group>"; };
		C2FE354A2114236300EFB3F8 /* FSCalendar.m */ = {isa = PBXFileReference; fileEncoding = 4; lastKnownFileType = sourcecode.c.objc; path = FSCalendar.m; sourceTree = "<group>"; };
		C2FE354B2114236300EFB3F8 /* FSCalendarAppearance.h */ = {isa = PBXFileReference; fileEncoding = 4; lastKnownFileType = sourcecode.c.h; path = FSCalendarAppearance.h; sourceTree = "<group>"; };
		C2FE354C2114236300EFB3F8 /* FSCalendarAppearance.m */ = {isa = PBXFileReference; fileEncoding = 4; lastKnownFileType = sourcecode.c.objc; path = FSCalendarAppearance.m; sourceTree = "<group>"; };
		C2FE354D2114236300EFB3F8 /* FSCalendarCalculator.h */ = {isa = PBXFileReference; fileEncoding = 4; lastKnownFileType = sourcecode.c.h; path = FSCalendarCalculator.h; sourceTree = "<group>"; };
		C2FE354E2114236300EFB3F8 /* FSCalendarCalculator.m */ = {isa = PBXFileReference; fileEncoding = 4; lastKnownFileType = sourcecode.c.objc; path = FSCalendarCalculator.m; sourceTree = "<group>"; };
		C2FE354F2114236300EFB3F8 /* FSCalendarCell.h */ = {isa = PBXFileReference; fileEncoding = 4; lastKnownFileType = sourcecode.c.h; path = FSCalendarCell.h; sourceTree = "<group>"; };
		C2FE35502114236300EFB3F8 /* FSCalendarCell.m */ = {isa = PBXFileReference; fileEncoding = 4; lastKnownFileType = sourcecode.c.objc; path = FSCalendarCell.m; sourceTree = "<group>"; };
		C2FE35512114236300EFB3F8 /* FSCalendarCollectionView.h */ = {isa = PBXFileReference; fileEncoding = 4; lastKnownFileType = sourcecode.c.h; path = FSCalendarCollectionView.h; sourceTree = "<group>"; };
		C2FE35522114236300EFB3F8 /* FSCalendarCollectionView.m */ = {isa = PBXFileReference; fileEncoding = 4; lastKnownFileType = sourcecode.c.objc; path = FSCalendarCollectionView.m; sourceTree = "<group>"; };
		C2FE35532114236300EFB3F8 /* FSCalendarCollectionViewLayout.h */ = {isa = PBXFileReference; fileEncoding = 4; lastKnownFileType = sourcecode.c.h; path = FSCalendarCollectionViewLayout.h; sourceTree = "<group>"; };
		C2FE35542114236300EFB3F8 /* FSCalendarCollectionViewLayout.m */ = {isa = PBXFileReference; fileEncoding = 4; lastKnownFileType = sourcecode.c.objc; path = FSCalendarCollectionViewLayout.m; sourceTree = "<group>"; };
		C2FE35552114236300EFB3F8 /* FSCalendarConstants.h */ = {isa = PBXFileReference; fileEncoding = 4; lastKnownFileType = sourcecode.c.h; path = FSCalendarConstants.h; sourceTree = "<group>"; };
		C2FE35562114236300EFB3F8 /* FSCalendarConstants.m */ = {isa = PBXFileReference; fileEncoding = 4; lastKnownFileType = sourcecode.c.objc; path = FSCalendarConstants.m; sourceTree = "<group>"; };
		C2FE35572114236300EFB3F8 /* FSCalendarDelegationFactory.h */ = {isa = PBXFileReference; fileEncoding = 4; lastKnownFileType = sourcecode.c.h; path = FSCalendarDelegationFactory.h; sourceTree = "<group>"; };
		C2FE35582114236300EFB3F8 /* FSCalendarDelegationFactory.m */ = {isa = PBXFileReference; fileEncoding = 4; lastKnownFileType = sourcecode.c.objc; path = FSCalendarDelegationFactory.m; sourceTree = "<group>"; };
		C2FE35592114236300EFB3F8 /* FSCalendarDelegationProxy.h */ = {isa = PBXFileReference; fileEncoding = 4; lastKnownFileType = sourcecode.c.h; path = FSCalendarDelegationProxy.h; sourceTree = "<group>"; };
		C2FE355A2114236300EFB3F8 /* FSCalendarDelegationProxy.m */ = {isa = PBXFileReference; fileEncoding = 4; lastKnownFileType = sourcecode.c.objc; path = FSCalendarDelegationProxy.m; sourceTree = "<group>"; };
		C2FE355B2114236300EFB3F8 /* FSCalendarDynamicHeader.h */ = {isa = PBXFileReference; fileEncoding = 4; lastKnownFileType = sourcecode.c.h; path = FSCalendarDynamicHeader.h; sourceTree = "<group>"; };
		C2FE355C2114236300EFB3F8 /* FSCalendarExtensions.h */ = {isa = PBXFileReference; fileEncoding = 4; lastKnownFileType = sourcecode.c.h; path = FSCalendarExtensions.h; sourceTree = "<group>"; };
		C2FE355D2114236300EFB3F8 /* FSCalendarExtensions.m */ = {isa = PBXFileReference; fileEncoding = 4; lastKnownFileType = sourcecode.c.objc; path = FSCalendarExtensions.m; sourceTree = "<group>"; };
		C2FE355E2114236300EFB3F8 /* FSCalendarHeaderView.h */ = {isa = PBXFileReference; fileEncoding = 4; lastKnownFileType = sourcecode.c.h; path = FSCalendarHeaderView.h; sourceTree = "<group>"; };
		C2FE355F2114236300EFB3F8 /* FSCalendarHeaderView.m */ = {isa = PBXFileReference; fileEncoding = 4; lastKnownFileType = sourcecode.c.objc; path = FSCalendarHeaderView.m; sourceTree = "<group>"; };
		C2FE35602114236300EFB3F8 /* FSCalendarScopeHandle.h */ = {isa = PBXFileReference; fileEncoding = 4; lastKnownFileType = sourcecode.c.h; path = FSCalendarScopeHandle.h; sourceTree = "<group>"; };
		C2FE35612114236300EFB3F8 /* FSCalendarScopeHandle.m */ = {isa = PBXFileReference; fileEncoding = 4; lastKnownFileType = sourcecode.c.objc; path = FSCalendarScopeHandle.m; sourceTree = "<group>"; };
		C2FE35622114236300EFB3F8 /* FSCalendarStickyHeader.h */ = {isa = PBXFileReference; fileEncoding = 4; lastKnownFileType = sourcecode.c.h; path = FSCalendarStickyHeader.h; sourceTree = "<group>"; };
		C2FE35632114236300EFB3F8 /* FSCalendarStickyHeader.m */ = {isa = PBXFileReference; fileEncoding = 4; lastKnownFileType = sourcecode.c.objc; path = FSCalendarStickyHeader.m; sourceTree = "<group>"; };
		C2FE35642114236300EFB3F8 /* FSCalendarTransitionCoordinator.h */ = {isa = PBXFileReference; fileEncoding = 4; lastKnownFileType = sourcecode.c.h; path = FSCalendarTransitionCoordinator.h; sourceTree = "<group>"; };
		C2FE35652114236300EFB3F8 /* FSCalendarTransitionCoordinator.m */ = {isa = PBXFileReference; fileEncoding = 4; lastKnownFileType = sourcecode.c.objc; path = FSCalendarTransitionCoordinator.m; sourceTree = "<group>"; };
		C2FE35662114236300EFB3F8 /* FSCalendarWeekdayView.h */ = {isa = PBXFileReference; fileEncoding = 4; lastKnownFileType = sourcecode.c.h; path = FSCalendarWeekdayView.h; sourceTree = "<group>"; };
		C2FE35672114236300EFB3F8 /* FSCalendarWeekdayView.m */ = {isa = PBXFileReference; fileEncoding = 4; lastKnownFileType = sourcecode.c.objc; path = FSCalendarWeekdayView.m; sourceTree = "<group>"; };
		C2FE35682114236300EFB3F8 /* Info.plist */ = {isa = PBXFileReference; fileEncoding = 4; lastKnownFileType = text.plist.xml; path = Info.plist; sourceTree = "<group>"; };
		C2FE357A2114247800EFB3F8 /* UIViewControllerModal.swift */ = {isa = PBXFileReference; fileEncoding = 4; lastKnownFileType = sourcecode.swift; path = UIViewControllerModal.swift; sourceTree = "<group>"; };
		C2FE357C2114267200EFB3F8 /* CalendarViewController.swift */ = {isa = PBXFileReference; lastKnownFileType = sourcecode.swift; path = CalendarViewController.swift; sourceTree = "<group>"; };
		C2FE357E2114267A00EFB3F8 /* UploadViewController.swift */ = {isa = PBXFileReference; lastKnownFileType = sourcecode.swift; path = UploadViewController.swift; sourceTree = "<group>"; };
/* End PBXFileReference section */

/* Begin PBXFrameworksBuildPhase section */
		C2FE350B2114214100EFB3F8 /* Frameworks */ = {
			isa = PBXFrameworksBuildPhase;
			buildActionMask = 2147483647;
			files = (
			);
			runOnlyForDeploymentPostprocessing = 0;
		};
		C2FE351F2114214200EFB3F8 /* Frameworks */ = {
			isa = PBXFrameworksBuildPhase;
			buildActionMask = 2147483647;
			files = (
			);
			runOnlyForDeploymentPostprocessing = 0;
		};
		C2FE352A2114214200EFB3F8 /* Frameworks */ = {
			isa = PBXFrameworksBuildPhase;
			buildActionMask = 2147483647;
			files = (
			);
			runOnlyForDeploymentPostprocessing = 0;
		};
/* End PBXFrameworksBuildPhase section */

/* Begin PBXGroup section */
		C2FE35052114214100EFB3F8 = {
			isa = PBXGroup;
			children = (
				C2FE35102114214100EFB3F8 /* DONGL_1 */,
				C2FE35252114214200EFB3F8 /* DONGL_1Tests */,
				C2FE35302114214200EFB3F8 /* DONGL_1UITests */,
				C2FE350F2114214100EFB3F8 /* Products */,
			);
			sourceTree = "<group>";
		};
		C2FE350F2114214100EFB3F8 /* Products */ = {
			isa = PBXGroup;
			children = (
				C2FE350E2114214100EFB3F8 /* DONGL_1.app */,
				C2FE35222114214200EFB3F8 /* DONGL_1Tests.xctest */,
				C2FE352D2114214200EFB3F8 /* DONGL_1UITests.xctest */,
			);
			name = Products;
			sourceTree = "<group>";
		};
		C2FE35102114214100EFB3F8 /* DONGL_1 */ = {
			isa = PBXGroup;
			children = (
				C2FE35112114214100EFB3F8 /* AppDelegate.swift */,
				C2FE35132114214100EFB3F8 /* ViewController.swift */,
				C2FE357A2114247800EFB3F8 /* UIViewControllerModal.swift */,
				C2FE35152114214100EFB3F8 /* Main.storyboard */,
				C2E47EAB211967C300EF3CF2 /* 대화목록.storyboard */,
				C2E47EAD211967C700EF3CF2 /* 마이페이지.storyboard */,
				C2E47EB72119845B00EF3CF2 /* CitySelectViewController.swift */,
				C2FE35472114236300EFB3F8 /* FSCalendar */,
				C2FE353F211421EB00EFB3F8 /* SearchTableViewController.swift */,
				C2C2B83A2119584000E43D25 /* PostTableViewCell.swift */,
				C2FE357C2114267200EFB3F8 /* CalendarViewController.swift */,
				C2FE357E2114267A00EFB3F8 /* UploadViewController.swift */,
				C2FE3541211421FD00EFB3F8 /* TalkTableViewController.swift */,
				C2FE35452114230100EFB3F8 /* TalkTableViewCell.swift */,
				C2E47EAF211967F400EF3CF2 /* MyPageTableViewController.swift */,
				C2E47EB1211967FE00EF3CF2 /* myPageViewController.swift */,
				C2E47EB32119680300EF3CF2 /* SettingTableViewController.swift */,
				C2FE35182114214100EFB3F8 /* Assets.xcassets */,
				C2FE351A2114214200EFB3F8 /* LaunchScreen.storyboard */,
				C2FE351D2114214200EFB3F8 /* Info.plist */,
			);
			path = DONGL_1;
			sourceTree = "<group>";
		};
		C2FE35252114214200EFB3F8 /* DONGL_1Tests */ = {
			isa = PBXGroup;
			children = (
				C2FE35262114214200EFB3F8 /* DONGL_1Tests.swift */,
				C2FE35282114214200EFB3F8 /* Info.plist */,
			);
			path = DONGL_1Tests;
			sourceTree = "<group>";
		};
		C2FE35302114214200EFB3F8 /* DONGL_1UITests */ = {
			isa = PBXGroup;
			children = (
				C2FE35312114214200EFB3F8 /* DONGL_1UITests.swift */,
				C2FE35332114214200EFB3F8 /* Info.plist */,
			);
			path = DONGL_1UITests;
			sourceTree = "<group>";
		};
		C2FE35472114236300EFB3F8 /* FSCalendar */ = {
			isa = PBXGroup;
			children = (
				C2FE35482114236300EFB3F8 /* FSCalendar+Deprecated.m */,
				C2FE35492114236300EFB3F8 /* FSCalendar.h */,
				C2FE354A2114236300EFB3F8 /* FSCalendar.m */,
				C2FE354B2114236300EFB3F8 /* FSCalendarAppearance.h */,
				C2FE354C2114236300EFB3F8 /* FSCalendarAppearance.m */,
				C2FE354D2114236300EFB3F8 /* FSCalendarCalculator.h */,
				C2FE354E2114236300EFB3F8 /* FSCalendarCalculator.m */,
				C2FE354F2114236300EFB3F8 /* FSCalendarCell.h */,
				C2FE35502114236300EFB3F8 /* FSCalendarCell.m */,
				C2FE35512114236300EFB3F8 /* FSCalendarCollectionView.h */,
				C2FE35522114236300EFB3F8 /* FSCalendarCollectionView.m */,
				C2FE35532114236300EFB3F8 /* FSCalendarCollectionViewLayout.h */,
				C2FE35542114236300EFB3F8 /* FSCalendarCollectionViewLayout.m */,
				C2FE35552114236300EFB3F8 /* FSCalendarConstants.h */,
				C2FE35562114236300EFB3F8 /* FSCalendarConstants.m */,
				C2FE35572114236300EFB3F8 /* FSCalendarDelegationFactory.h */,
				C2FE35582114236300EFB3F8 /* FSCalendarDelegationFactory.m */,
				C2FE35592114236300EFB3F8 /* FSCalendarDelegationProxy.h */,
				C2FE355A2114236300EFB3F8 /* FSCalendarDelegationProxy.m */,
				C2FE355B2114236300EFB3F8 /* FSCalendarDynamicHeader.h */,
				C2FE355C2114236300EFB3F8 /* FSCalendarExtensions.h */,
				C2FE355D2114236300EFB3F8 /* FSCalendarExtensions.m */,
				C2FE355E2114236300EFB3F8 /* FSCalendarHeaderView.h */,
				C2FE355F2114236300EFB3F8 /* FSCalendarHeaderView.m */,
				C2FE35602114236300EFB3F8 /* FSCalendarScopeHandle.h */,
				C2FE35612114236300EFB3F8 /* FSCalendarScopeHandle.m */,
				C2FE35622114236300EFB3F8 /* FSCalendarStickyHeader.h */,
				C2FE35632114236300EFB3F8 /* FSCalendarStickyHeader.m */,
				C2FE35642114236300EFB3F8 /* FSCalendarTransitionCoordinator.h */,
				C2FE35652114236300EFB3F8 /* FSCalendarTransitionCoordinator.m */,
				C2FE35662114236300EFB3F8 /* FSCalendarWeekdayView.h */,
				C2FE35672114236300EFB3F8 /* FSCalendarWeekdayView.m */,
				C2FE35682114236300EFB3F8 /* Info.plist */,
			);
			path = FSCalendar;
			sourceTree = "<group>";
		};
/* End PBXGroup section */

/* Begin PBXNativeTarget section */
		C2FE350D2114214100EFB3F8 /* DONGL_1 */ = {
			isa = PBXNativeTarget;
			buildConfigurationList = C2FE35362114214200EFB3F8 /* Build configuration list for PBXNativeTarget "DONGL_1" */;
			buildPhases = (
				C2FE350A2114214100EFB3F8 /* Sources */,
				C2FE350B2114214100EFB3F8 /* Frameworks */,
				C2FE350C2114214100EFB3F8 /* Resources */,
			);
			buildRules = (
			);
			dependencies = (
			);
			name = DONGL_1;
			productName = DONGL_1;
			productReference = C2FE350E2114214100EFB3F8 /* DONGL_1.app */;
			productType = "com.apple.product-type.application";
		};
		C2FE35212114214200EFB3F8 /* DONGL_1Tests */ = {
			isa = PBXNativeTarget;
			buildConfigurationList = C2FE35392114214200EFB3F8 /* Build configuration list for PBXNativeTarget "DONGL_1Tests" */;
			buildPhases = (
				C2FE351E2114214200EFB3F8 /* Sources */,
				C2FE351F2114214200EFB3F8 /* Frameworks */,
				C2FE35202114214200EFB3F8 /* Resources */,
			);
			buildRules = (
			);
			dependencies = (
				C2FE35242114214200EFB3F8 /* PBXTargetDependency */,
			);
			name = DONGL_1Tests;
			productName = DONGL_1Tests;
			productReference = C2FE35222114214200EFB3F8 /* DONGL_1Tests.xctest */;
			productType = "com.apple.product-type.bundle.unit-test";
		};
		C2FE352C2114214200EFB3F8 /* DONGL_1UITests */ = {
			isa = PBXNativeTarget;
			buildConfigurationList = C2FE353C2114214200EFB3F8 /* Build configuration list for PBXNativeTarget "DONGL_1UITests" */;
			buildPhases = (
				C2FE35292114214200EFB3F8 /* Sources */,
				C2FE352A2114214200EFB3F8 /* Frameworks */,
				C2FE352B2114214200EFB3F8 /* Resources */,
			);
			buildRules = (
			);
			dependencies = (
				C2FE352F2114214200EFB3F8 /* PBXTargetDependency */,
			);
			name = DONGL_1UITests;
			productName = DONGL_1UITests;
			productReference = C2FE352D2114214200EFB3F8 /* DONGL_1UITests.xctest */;
			productType = "com.apple.product-type.bundle.ui-testing";
		};
/* End PBXNativeTarget section */

/* Begin PBXProject section */
		C2FE35062114214100EFB3F8 /* Project object */ = {
			isa = PBXProject;
			attributes = {
				LastSwiftUpdateCheck = 0920;
				LastUpgradeCheck = 0920;
				ORGANIZATIONNAME = HHBS;
				TargetAttributes = {
					C2FE350D2114214100EFB3F8 = {
						CreatedOnToolsVersion = 9.2;
						ProvisioningStyle = Automatic;
					};
					C2FE35212114214200EFB3F8 = {
						CreatedOnToolsVersion = 9.2;
						ProvisioningStyle = Automatic;
						TestTargetID = C2FE350D2114214100EFB3F8;
					};
					C2FE352C2114214200EFB3F8 = {
						CreatedOnToolsVersion = 9.2;
						ProvisioningStyle = Automatic;
						TestTargetID = C2FE350D2114214100EFB3F8;
					};
				};
			};
			buildConfigurationList = C2FE35092114214100EFB3F8 /* Build configuration list for PBXProject "DONGL_1" */;
			compatibilityVersion = "Xcode 8.0";
			developmentRegion = en;
			hasScannedForEncodings = 0;
			knownRegions = (
				en,
				Base,
			);
			mainGroup = C2FE35052114214100EFB3F8;
			productRefGroup = C2FE350F2114214100EFB3F8 /* Products */;
			projectDirPath = "";
			projectRoot = "";
			targets = (
				C2FE350D2114214100EFB3F8 /* DONGL_1 */,
				C2FE35212114214200EFB3F8 /* DONGL_1Tests */,
				C2FE352C2114214200EFB3F8 /* DONGL_1UITests */,
			);
		};
/* End PBXProject section */

/* Begin PBXResourcesBuildPhase section */
		C2FE350C2114214100EFB3F8 /* Resources */ = {
			isa = PBXResourcesBuildPhase;
			buildActionMask = 2147483647;
			files = (
				C2FE35792114236300EFB3F8 /* Info.plist in Resources */,
				C2FE351C2114214200EFB3F8 /* LaunchScreen.storyboard in Resources */,
				C2FE35192114214100EFB3F8 /* Assets.xcassets in Resources */,
				C2E47EAC211967C300EF3CF2 /* 대화목록.storyboard in Resources */,
				C2FE35172114214100EFB3F8 /* Main.storyboard in Resources */,
				C2E47EAE211967C700EF3CF2 /* 마이페이지.storyboard in Resources */,
			);
			runOnlyForDeploymentPostprocessing = 0;
		};
		C2FE35202114214200EFB3F8 /* Resources */ = {
			isa = PBXResourcesBuildPhase;
			buildActionMask = 2147483647;
			files = (
			);
			runOnlyForDeploymentPostprocessing = 0;
		};
		C2FE352B2114214200EFB3F8 /* Resources */ = {
			isa = PBXResourcesBuildPhase;
			buildActionMask = 2147483647;
			files = (
			);
			runOnlyForDeploymentPostprocessing = 0;
		};
/* End PBXResourcesBuildPhase section */

/* Begin PBXSourcesBuildPhase section */
		C2FE350A2114214100EFB3F8 /* Sources */ = {
			isa = PBXSourcesBuildPhase;
			buildActionMask = 2147483647;
			files = (
				C2E47EB42119680400EF3CF2 /* SettingTableViewController.swift in Sources */,
				C2FE357D2114267200EFB3F8 /* CalendarViewController.swift in Sources */,
				C2E47EB82119845B00EF3CF2 /* CitySelectViewController.swift in Sources */,
				C2FE35702114236300EFB3F8 /* FSCalendarConstants.m in Sources */,
				C2FE35142114214100EFB3F8 /* ViewController.swift in Sources */,
				C2FE35462114230100EFB3F8 /* TalkTableViewCell.swift in Sources */,
				C2FE356A2114236300EFB3F8 /* FSCalendar.m in Sources */,
				C2FE356B2114236300EFB3F8 /* FSCalendarAppearance.m in Sources */,
				C2FE356F2114236300EFB3F8 /* FSCalendarCollectionViewLayout.m in Sources */,
				C2FE357B2114247800EFB3F8 /* UIViewControllerModal.swift in Sources */,
				C2E47EB0211967F500EF3CF2 /* MyPageTableViewController.swift in Sources */,
				C2FE35762114236300EFB3F8 /* FSCalendarStickyHeader.m in Sources */,
				C2FE3540211421EB00EFB3F8 /* SearchTableViewController.swift in Sources */,
				C2FE35722114236300EFB3F8 /* FSCalendarDelegationProxy.m in Sources */,
				C2FE357F2114267A00EFB3F8 /* UploadViewController.swift in Sources */,
				C2FE35772114236300EFB3F8 /* FSCalendarTransitionCoordinator.m in Sources */,
				C2FE356C2114236300EFB3F8 /* FSCalendarCalculator.m in Sources */,
				C2FE356E2114236300EFB3F8 /* FSCalendarCollectionView.m in Sources */,
				C2FE35732114236300EFB3F8 /* FSCalendarExtensions.m in Sources */,
				C2FE35782114236300EFB3F8 /* FSCalendarWeekdayView.m in Sources */,
				C2C2B83B2119584000E43D25 /* PostTableViewCell.swift in Sources */,
				C2FE35692114236300EFB3F8 /* FSCalendar+Deprecated.m in Sources */,
				C2FE35752114236300EFB3F8 /* FSCalendarScopeHandle.m in Sources */,
				C2E47EB2211967FE00EF3CF2 /* myPageViewController.swift in Sources */,
				C2FE356D2114236300EFB3F8 /* FSCalendarCell.m in Sources */,
				C2FE35122114214100EFB3F8 /* AppDelegate.swift in Sources */,
				C2FE35712114236300EFB3F8 /* FSCalendarDelegationFactory.m in Sources */,
				C2FE35742114236300EFB3F8 /* FSCalendarHeaderView.m in Sources */,
				C2FE3542211421FD00EFB3F8 /* TalkTableViewController.swift in Sources */,
			);
			runOnlyForDeploymentPostprocessing = 0;
		};
		C2FE351E2114214200EFB3F8 /* Sources */ = {
			isa = PBXSourcesBuildPhase;
			buildActionMask = 2147483647;
			files = (
				C2FE35272114214200EFB3F8 /* DONGL_1Tests.swift in Sources */,
			);
			runOnlyForDeploymentPostprocessing = 0;
		};
		C2FE35292114214200EFB3F8 /* Sources */ = {
			isa = PBXSourcesBuildPhase;
			buildActionMask = 2147483647;
			files = (
				C2FE35322114214200EFB3F8 /* DONGL_1UITests.swift in Sources */,
			);
			runOnlyForDeploymentPostprocessing = 0;
		};
/* End PBXSourcesBuildPhase section */

/* Begin PBXTargetDependency section */
		C2FE35242114214200EFB3F8 /* PBXTargetDependency */ = {
			isa = PBXTargetDependency;
			target = C2FE350D2114214100EFB3F8 /* DONGL_1 */;
			targetProxy = C2FE35232114214200EFB3F8 /* PBXContainerItemProxy */;
		};
		C2FE352F2114214200EFB3F8 /* PBXTargetDependency */ = {
			isa = PBXTargetDependency;
			target = C2FE350D2114214100EFB3F8 /* DONGL_1 */;
			targetProxy = C2FE352E2114214200EFB3F8 /* PBXContainerItemProxy */;
		};
/* End PBXTargetDependency section */

/* Begin PBXVariantGroup section */
		C2FE35152114214100EFB3F8 /* Main.storyboard */ = {
			isa = PBXVariantGroup;
			children = (
				C2FE35162114214100EFB3F8 /* Base */,
			);
			name = Main.storyboard;
			sourceTree = "<group>";
		};
		C2FE351A2114214200EFB3F8 /* LaunchScreen.storyboard */ = {
			isa = PBXVariantGroup;
			children = (
				C2FE351B2114214200EFB3F8 /* Base */,
			);
			name = LaunchScreen.storyboard;
			sourceTree = "<group>";
		};
/* End PBXVariantGroup section */

/* Begin XCBuildConfiguration section */
		C2FE35342114214200EFB3F8 /* Debug */ = {
			isa = XCBuildConfiguration;
			buildSettings = {
				ALWAYS_SEARCH_USER_PATHS = NO;
				CLANG_ANALYZER_NONNULL = YES;
				CLANG_ANALYZER_NUMBER_OBJECT_CONVERSION = YES_AGGRESSIVE;
				CLANG_CXX_LANGUAGE_STANDARD = "gnu++14";
				CLANG_CXX_LIBRARY = "libc++";
				CLANG_ENABLE_MODULES = YES;
				CLANG_ENABLE_OBJC_ARC = YES;
				CLANG_WARN_BLOCK_CAPTURE_AUTORELEASING = YES;
				CLANG_WARN_BOOL_CONVERSION = YES;
				CLANG_WARN_COMMA = YES;
				CLANG_WARN_CONSTANT_CONVERSION = YES;
				CLANG_WARN_DIRECT_OBJC_ISA_USAGE = YES_ERROR;
				CLANG_WARN_DOCUMENTATION_COMMENTS = YES;
				CLANG_WARN_EMPTY_BODY = YES;
				CLANG_WARN_ENUM_CONVERSION = YES;
				CLANG_WARN_INFINITE_RECURSION = YES;
				CLANG_WARN_INT_CONVERSION = YES;
				CLANG_WARN_NON_LITERAL_NULL_CONVERSION = YES;
				CLANG_WARN_OBJC_LITERAL_CONVERSION = YES;
				CLANG_WARN_OBJC_ROOT_CLASS = YES_ERROR;
				CLANG_WARN_RANGE_LOOP_ANALYSIS = YES;
				CLANG_WARN_STRICT_PROTOTYPES = YES;
				CLANG_WARN_SUSPICIOUS_MOVE = YES;
				CLANG_WARN_UNGUARDED_AVAILABILITY = YES_AGGRESSIVE;
				CLANG_WARN_UNREACHABLE_CODE = YES;
				CLANG_WARN__DUPLICATE_METHOD_MATCH = YES;
				CODE_SIGN_IDENTITY = "iPhone Developer";
				COPY_PHASE_STRIP = NO;
				DEBUG_INFORMATION_FORMAT = dwarf;
				ENABLE_STRICT_OBJC_MSGSEND = YES;
				ENABLE_TESTABILITY = YES;
				GCC_C_LANGUAGE_STANDARD = gnu11;
				GCC_DYNAMIC_NO_PIC = NO;
				GCC_NO_COMMON_BLOCKS = YES;
				GCC_OPTIMIZATION_LEVEL = 0;
				GCC_PREPROCESSOR_DEFINITIONS = (
					"DEBUG=1",
					"$(inherited)",
				);
				GCC_WARN_64_TO_32_BIT_CONVERSION = YES;
				GCC_WARN_ABOUT_RETURN_TYPE = YES_ERROR;
				GCC_WARN_UNDECLARED_SELECTOR = YES;
				GCC_WARN_UNINITIALIZED_AUTOS = YES_AGGRESSIVE;
				GCC_WARN_UNUSED_FUNCTION = YES;
				GCC_WARN_UNUSED_VARIABLE = YES;
				IPHONEOS_DEPLOYMENT_TARGET = 11.2;
				MTL_ENABLE_DEBUG_INFO = YES;
				ONLY_ACTIVE_ARCH = YES;
				SDKROOT = iphoneos;
				SWIFT_ACTIVE_COMPILATION_CONDITIONS = DEBUG;
				SWIFT_OPTIMIZATION_LEVEL = "-Onone";
			};
			name = Debug;
		};
		C2FE35352114214200EFB3F8 /* Release */ = {
			isa = XCBuildConfiguration;
			buildSettings = {
				ALWAYS_SEARCH_USER_PATHS = NO;
				CLANG_ANALYZER_NONNULL = YES;
				CLANG_ANALYZER_NUMBER_OBJECT_CONVERSION = YES_AGGRESSIVE;
				CLANG_CXX_LANGUAGE_STANDARD = "gnu++14";
				CLANG_CXX_LIBRARY = "libc++";
				CLANG_ENABLE_MODULES = YES;
				CLANG_ENABLE_OBJC_ARC = YES;
				CLANG_WARN_BLOCK_CAPTURE_AUTORELEASING = YES;
				CLANG_WARN_BOOL_CONVERSION = YES;
				CLANG_WARN_COMMA = YES;
				CLANG_WARN_CONSTANT_CONVERSION = YES;
				CLANG_WARN_DIRECT_OBJC_ISA_USAGE = YES_ERROR;
				CLANG_WARN_DOCUMENTATION_COMMENTS = YES;
				CLANG_WARN_EMPTY_BODY = YES;
				CLANG_WARN_ENUM_CONVERSION = YES;
				CLANG_WARN_INFINITE_RECURSION = YES;
				CLANG_WARN_INT_CONVERSION = YES;
				CLANG_WARN_NON_LITERAL_NULL_CONVERSION = YES;
				CLANG_WARN_OBJC_LITERAL_CONVERSION = YES;
				CLANG_WARN_OBJC_ROOT_CLASS = YES_ERROR;
				CLANG_WARN_RANGE_LOOP_ANALYSIS = YES;
				CLANG_WARN_STRICT_PROTOTYPES = YES;
				CLANG_WARN_SUSPICIOUS_MOVE = YES;
				CLANG_WARN_UNGUARDED_AVAILABILITY = YES_AGGRESSIVE;
				CLANG_WARN_UNREACHABLE_CODE = YES;
				CLANG_WARN__DUPLICATE_METHOD_MATCH = YES;
				CODE_SIGN_IDENTITY = "iPhone Developer";
				COPY_PHASE_STRIP = NO;
				DEBUG_INFORMATION_FORMAT = "dwarf-with-dsym";
				ENABLE_NS_ASSERTIONS = NO;
				ENABLE_STRICT_OBJC_MSGSEND = YES;
				GCC_C_LANGUAGE_STANDARD = gnu11;
				GCC_NO_COMMON_BLOCKS = YES;
				GCC_WARN_64_TO_32_BIT_CONVERSION = YES;
				GCC_WARN_ABOUT_RETURN_TYPE = YES_ERROR;
				GCC_WARN_UNDECLARED_SELECTOR = YES;
				GCC_WARN_UNINITIALIZED_AUTOS = YES_AGGRESSIVE;
				GCC_WARN_UNUSED_FUNCTION = YES;
				GCC_WARN_UNUSED_VARIABLE = YES;
				IPHONEOS_DEPLOYMENT_TARGET = 11.2;
				MTL_ENABLE_DEBUG_INFO = NO;
				SDKROOT = iphoneos;
				SWIFT_OPTIMIZATION_LEVEL = "-Owholemodule";
				VALIDATE_PRODUCT = YES;
			};
			name = Release;
		};
		C2FE35372114214200EFB3F8 /* Debug */ = {
			isa = XCBuildConfiguration;
			buildSettings = {
				ASSETCATALOG_COMPILER_APPICON_NAME = AppIcon;
				CODE_SIGN_STYLE = Automatic;
				INFOPLIST_FILE = DONGL_1/Info.plist;
				LD_RUNPATH_SEARCH_PATHS = "$(inherited) @executable_path/Frameworks";
				PRODUCT_BUNDLE_IDENTIFIER = "kr.ac.korea.DONGL-1";
				PRODUCT_NAME = "$(TARGET_NAME)";
				SWIFT_VERSION = 4.0;
				TARGETED_DEVICE_FAMILY = "1,2";
			};
			name = Debug;
		};
		C2FE35382114214200EFB3F8 /* Release */ = {
			isa = XCBuildConfiguration;
			buildSettings = {
				ASSETCATALOG_COMPILER_APPICON_NAME = AppIcon;
				CODE_SIGN_STYLE = Automatic;
				INFOPLIST_FILE = DONGL_1/Info.plist;
				LD_RUNPATH_SEARCH_PATHS = "$(inherited) @executable_path/Frameworks";
				PRODUCT_BUNDLE_IDENTIFIER = "kr.ac.korea.DONGL-1";
				PRODUCT_NAME = "$(TARGET_NAME)";
				SWIFT_VERSION = 4.0;
				TARGETED_DEVICE_FAMILY = "1,2";
			};
			name = Release;
		};
		C2FE353A2114214200EFB3F8 /* Debug */ = {
			isa = XCBuildConfiguration;
			buildSettings = {
				ALWAYS_EMBED_SWIFT_STANDARD_LIBRARIES = YES;
				BUNDLE_LOADER = "$(TEST_HOST)";
				CODE_SIGN_STYLE = Automatic;
				INFOPLIST_FILE = DONGL_1Tests/Info.plist;
				LD_RUNPATH_SEARCH_PATHS = "$(inherited) @executable_path/Frameworks @loader_path/Frameworks";
				PRODUCT_BUNDLE_IDENTIFIER = "kr.ac.korea.DONGL-1Tests";
				PRODUCT_NAME = "$(TARGET_NAME)";
				SWIFT_VERSION = 4.0;
				TARGETED_DEVICE_FAMILY = "1,2";
				TEST_HOST = "$(BUILT_PRODUCTS_DIR)/DONGL_1.app/DONGL_1";
			};
			name = Debug;
		};
		C2FE353B2114214200EFB3F8 /* Release */ = {
			isa = XCBuildConfiguration;
			buildSettings = {
				ALWAYS_EMBED_SWIFT_STANDARD_LIBRARIES = YES;
				BUNDLE_LOADER = "$(TEST_HOST)";
				CODE_SIGN_STYLE = Automatic;
				INFOPLIST_FILE = DONGL_1Tests/Info.plist;
				LD_RUNPATH_SEARCH_PATHS = "$(inherited) @executable_path/Frameworks @loader_path/Frameworks";
				PRODUCT_BUNDLE_IDENTIFIER = "kr.ac.korea.DONGL-1Tests";
				PRODUCT_NAME = "$(TARGET_NAME)";
				SWIFT_VERSION = 4.0;
				TARGETED_DEVICE_FAMILY = "1,2";
				TEST_HOST = "$(BUILT_PRODUCTS_DIR)/DONGL_1.app/DONGL_1";
			};
			name = Release;
		};
		C2FE353D2114214200EFB3F8 /* Debug */ = {
			isa = XCBuildConfiguration;
			buildSettings = {
				ALWAYS_EMBED_SWIFT_STANDARD_LIBRARIES = YES;
				CODE_SIGN_STYLE = Automatic;
				INFOPLIST_FILE = DONGL_1UITests/Info.plist;
				LD_RUNPATH_SEARCH_PATHS = "$(inherited) @executable_path/Frameworks @loader_path/Frameworks";
				PRODUCT_BUNDLE_IDENTIFIER = "kr.ac.korea.DONGL-1UITests";
				PRODUCT_NAME = "$(TARGET_NAME)";
				SWIFT_VERSION = 4.0;
				TARGETED_DEVICE_FAMILY = "1,2";
				TEST_TARGET_NAME = DONGL_1;
			};
			name = Debug;
		};
		C2FE353E2114214200EFB3F8 /* Release */ = {
			isa = XCBuildConfiguration;
			buildSettings = {
				ALWAYS_EMBED_SWIFT_STANDARD_LIBRARIES = YES;
				CODE_SIGN_STYLE = Automatic;
				INFOPLIST_FILE = DONGL_1UITests/Info.plist;
				LD_RUNPATH_SEARCH_PATHS = "$(inherited) @executable_path/Frameworks @loader_path/Frameworks";
				PRODUCT_BUNDLE_IDENTIFIER = "kr.ac.korea.DONGL-1UITests";
				PRODUCT_NAME = "$(TARGET_NAME)";
				SWIFT_VERSION = 4.0;
				TARGETED_DEVICE_FAMILY = "1,2";
				TEST_TARGET_NAME = DONGL_1;
			};
			name = Release;
		};
/* End XCBuildConfiguration section */

/* Begin XCConfigurationList section */
		C2FE35092114214100EFB3F8 /* Build configuration list for PBXProject "DONGL_1" */ = {
			isa = XCConfigurationList;
			buildConfigurations = (
				C2FE35342114214200EFB3F8 /* Debug */,
				C2FE35352114214200EFB3F8 /* Release */,
			);
			defaultConfigurationIsVisible = 0;
			defaultConfigurationName = Release;
		};
		C2FE35362114214200EFB3F8 /* Build configuration list for PBXNativeTarget "DONGL_1" */ = {
			isa = XCConfigurationList;
			buildConfigurations = (
				C2FE35372114214200EFB3F8 /* Debug */,
				C2FE35382114214200EFB3F8 /* Release */,
			);
			defaultConfigurationIsVisible = 0;
			defaultConfigurationName = Release;
		};
		C2FE35392114214200EFB3F8 /* Build configuration list for PBXNativeTarget "DONGL_1Tests" */ = {
			isa = XCConfigurationList;
			buildConfigurations = (
				C2FE353A2114214200EFB3F8 /* Debug */,
				C2FE353B2114214200EFB3F8 /* Release */,
			);
			defaultConfigurationIsVisible = 0;
			defaultConfigurationName = Release;
		};
		C2FE353C2114214200EFB3F8 /* Build configuration list for PBXNativeTarget "DONGL_1UITests" */ = {
			isa = XCConfigurationList;
			buildConfigurations = (
				C2FE353D2114214200EFB3F8 /* Debug */,
				C2FE353E2114214200EFB3F8 /* Release */,
			);
			defaultConfigurationIsVisible = 0;
			defaultConfigurationName = Release;
		};
/* End XCConfigurationList section */
	};
	rootObject = C2FE35062114214100EFB3F8 /* Project object */;
}
